// !$*UTF8*$!
{
	archiveVersion = 1;
	classes = {
	};
	objectVersion = 46;
	objects = {

/* Begin PBXBuildFile section */
		9EC6230D1EAB230B00930DAF /* AppDelegate.swift in Sources */ = {isa = PBXBuildFile; fileRef = 9EC6230C1EAB230B00930DAF /* AppDelegate.swift */; };
		9EC6230F1EAB230B00930DAF /* ViewController.swift in Sources */ = {isa = PBXBuildFile; fileRef = 9EC6230E1EAB230B00930DAF /* ViewController.swift */; };
		9EC623121EAB230B00930DAF /* Main.storyboard in Resources */ = {isa = PBXBuildFile; fileRef = 9EC623101EAB230B00930DAF /* Main.storyboard */; };
		9EC623141EAB230B00930DAF /* Assets.xcassets in Resources */ = {isa = PBXBuildFile; fileRef = 9EC623131EAB230B00930DAF /* Assets.xcassets */; };
		9EC623171EAB230B00930DAF /* LaunchScreen.storyboard in Resources */ = {isa = PBXBuildFile; fileRef = 9EC623151EAB230B00930DAF /* LaunchScreen.storyboard */; };
/* End PBXBuildFile section */

/* Begin PBXFileReference section */
		9EC623091EAB230B00930DAF /* hideButton.app */ = {isa = PBXFileReference; explicitFileType = wrapper.application; includeInIndex = 0; path = hideButton.app; sourceTree = BUILT_PRODUCTS_DIR; };
		9EC6230C1EAB230B00930DAF /* AppDelegate.swift */ = {isa = PBXFileReference; lastKnownFileType = sourcecode.swift; path = AppDelegate.swift; sourceTree = "<group>"; };
		9EC6230E1EAB230B00930DAF /* ViewController.swift */ = {isa = PBXFileReference; lastKnownFileType = sourcecode.swift; path = ViewController.swift; sourceTree = "<group>"; };
		9EC623111EAB230B00930DAF /* Base */ = {isa = PBXFileReference; lastKnownFileType = file.storyboard; name = Base; path = Base.lproj/Main.storyboard; sourceTree = "<group>"; };
		9EC623131EAB230B00930DAF /* Assets.xcassets */ = {isa = PBXFileReference; lastKnownFileType = folder.assetcatalog; path = Assets.xcassets; sourceTree = "<group>"; };
		9EC623161EAB230B00930DAF /* Base */ = {isa = PBXFileReference; lastKnownFileType = file.storyboard; name = Base; path = Base.lproj/LaunchScreen.storyboard; sourceTree = "<group>"; };
		9EC623181EAB230B00930DAF /* Info.plist */ = {isa = PBXFileReference; lastKnownFileType = text.plist.xml; path = Info.plist; sourceTree = "<group>"; };
/* End PBXFileReference section */

/* Begin PBXFrameworksBuildPhase section */
		9EC623061EAB230B00930DAF /* Frameworks */ = {
			isa = PBXFrameworksBuildPhase;
			buildActionMask = 2147483647;
			files = (
			);
			runOnlyForDeploymentPostprocessing = 0;
		};
/* End PBXFrameworksBuildPhase section */

/* Begin PBXGroup section */
		9EC623001EAB230A00930DAF = {
			isa = PBXGroup;
			children = (
				9EC6230B1EAB230B00930DAF /* hideButton */,
				9EC6230A1EAB230B00930DAF /* Products */,
			);
			sourceTree = "<group>";
		};
		9EC6230A1EAB230B00930DAF /* Products */ = {
			isa = PBXGroup;
			children = (
				9EC623091EAB230B00930DAF /* hideButton.app */,
			);
			name = Products;
			sourceTree = "<group>";
		};
		9EC6230B1EAB230B00930DAF /* hideButton */ = {
			isa = PBXGroup;
			children = (
				9EC6230C1EAB230B00930DAF /* AppDelegate.swift */,
				9EC6230E1EAB230B00930DAF /* ViewController.swift */,
				9EC623101EAB230B00930DAF /* Main.storyboard */,
				9EC623131EAB230B00930DAF /* Assets.xcassets */,
				9EC623151EAB230B00930DAF /* LaunchScreen.storyboard */,
				9EC623181EAB230B00930DAF /* Info.plist */,
			);
			path = hideButton;
			sourceTree = "<group>";
		};
/* End PBXGroup section */

/* Begin PBXNativeTarget section */
		9EC623081EAB230B00930DAF /* hideButton */ = {
			isa = PBXNativeTarget;
			buildConfigurationList = 9EC6231B1EAB230C00930DAF /* Build configuration list for PBXNativeTarget "hideButton" */;
			buildPhases = (
				9EC623051EAB230B00930DAF /* Sources */,
				9EC623061EAB230B00930DAF /* Frameworks */,
				9EC623071EAB230B00930DAF /* Resources */,
			);
			buildRules = (
			);
			dependencies = (
			);
			name = hideButton;
			productName = hideButton;
			productReference = 9EC623091EAB230B00930DAF /* hideButton.app */;
			productType = "com.apple.product-type.application";
		};
/* End PBXNativeTarget section */

/* Begin PBXProject section */
		9EC623011EAB230A00930DAF /* Project object */ = {
			isa = PBXProject;
			attributes = {
				LastSwiftUpdateCheck = 0820;
				LastUpgradeCheck = 0820;
				ORGANIZATIONNAME = KaranAngal;
				TargetAttributes = {
					9EC623081EAB230B00930DAF = {
						CreatedOnToolsVersion = 8.2.1;
						ProvisioningStyle = Automatic;
					};
				};
			};
			buildConfigurationList = 9EC623041EAB230A00930DAF /* Build configuration list for PBXProject "hideButton" */;
			compatibilityVersion = "Xcode 3.2";
			developmentRegion = English;
			hasScannedForEncodings = 0;
			knownRegions = (
				en,
				Base,
			);
			mainGroup = 9EC623001EAB230A00930DAF;
			productRefGroup = 9EC6230A1EAB230B00930DAF /* Products */;
			projectDirPath = "";
			projectRoot = "";
			targets = (
				9EC623081EAB230B00930DAF /* hideButton */,
			);
		};
/* End PBXProject section */

/* Begin PBXResourcesBuildPhase section */
		9EC623071EAB230B00930DAF /* Resources */ = {
			isa = PBXResourcesBuildPhase;
			buildActionMask = 2147483647;
			files = (
				9EC623171EAB230B00930DAF /* LaunchScreen.storyboard in Resources */,
				9EC623141EAB230B00930DAF /* Assets.xcassets in Resources */,
				9EC623121EAB230B00930DAF /* Main.storyboard in Resources */,
			);
			runOnlyForDeploymentPostprocessing = 0;
		};
/* End PBXResourcesBuildPhase section */

/* Begin PBXSourcesBuildPhase section */
		9EC623051EAB230B00930DAF /* Sources */ = {
			isa = PBXSourcesBuildPhase;
			buildActionMask = 2147483647;
			files = (
				9EC6230F1EAB230B00930DAF /* ViewController.swift in Sources */,
				9EC6230D1EAB230B00930DAF /* AppDelegate.swift in Sources */,
			);
			runOnlyForDeploymentPostprocessing = 0;
		};
/* End PBXSourcesBuildPhase section */

/* Begin PBXVariantGroup section */
		9EC623101EAB230B00930DAF /* Main.storyboard */ = {
			isa = PBXVariantGroup;
			children = (
				9EC623111EAB230B00930DAF /* Base */,
			);
			name = Main.storyboard;
			sourceTree = "<group>";
		};
		9EC623151EAB230B00930DAF /* LaunchScreen.storyboard */ = {
			isa = PBXVariantGroup;
			children = (
				9EC623161EAB230B00930DAF /* Base */,
			);
			name = LaunchScreen.storyboard;
			sourceTree = "<group>";
		};
/* End PBXVariantGroup section */

/* Begin XCBuildConfiguration section */
		9EC623191EAB230C00930DAF /* Debug */ = {
			isa = XCBuildConfiguration;
			buildSettings = {
				ALWAYS_SEARCH_USER_PATHS = NO;
				CLANG_ANALYZER_NONNULL = YES;
				CLANG_CXX_LANGUAGE_STANDARD = "gnu++0x";
				CLANG_CXX_LIBRARY = "libc++";
				CLANG_ENABLE_MODULES = YES;
				CLANG_ENABLE_OBJC_ARC = YES;
				CLANG_WARN_BOOL_CONVERSION = YES;
				CLANG_WARN_CONSTANT_CONVERSION = YES;
				CLANG_WARN_DIRECT_OBJC_ISA_USAGE = YES_ERROR;
				CLANG_WARN_DOCUMENTATION_COMMENTS = YES;
				CLANG_WARN_EMPTY_BODY = YES;
				CLANG_WARN_ENUM_CONVERSION = YES;
				CLANG_WARN_INFINITE_RECURSION = YES;
				CLANG_WARN_INT_CONVERSION = YES;
				CLANG_WARN_OBJC_ROOT_CLASS = YES_ERROR;
				CLANG_WARN_SUSPICIOUS_MOVE = YES;
				CLANG_WARN_UNREACHABLE_CODE = YES;
				CLANG_WARN__DUPLICATE_METHOD_MATCH = YES;
				"CODE_SIGN_IDENTITY[sdk=iphoneos*]" = "iPhone Developer";
				COPY_PHASE_STRIP = NO;
				DEBUG_INFORMATION_FORMAT = dwarf;
				ENABLE_STRICT_OBJC_MSGSEND = YES;
				ENABLE_TESTABILITY = YES;
				GCC_C_LANGUAGE_STANDARD = gnu99;
				GCC_DYNAMIC_NO_PIC = NO;
				GCC_NO_COMMON_BLOCKS = YES;
				GCC_OPTIMIZATION_LEVEL = 0;
				GCC_PREPROCESSOR_DEFINITIONS = (
					"DEBUG=1",
					"$(inherited)",
				);
				GCC_WARN_64_TO_32_BIT_CONVERSION = YES;
				GCC_WARN_ABOUT_RETURN_TYPE = YES_ERROR;
				GCC_WARN_UNDECLARED_SELECTOR = YES;
				GCC_WARN_UNINITIALIZED_AUTOS = YES_AGGRESSIVE;
				GCC_WARN_UNUSED_FUNCTION = YES;
				GCC_WARN_UNUSED_VARIABLE = YES;
				IPHONEOS_DEPLOYMENT_TARGET = 10.2;
				MTL_ENABLE_DEBUG_INFO = YES;
				ONLY_ACTIVE_ARCH = YES;
				SDKROOT = iphoneos;
				SWIFT_ACTIVE_COMPILATION_CONDITIONS = DEBUG;
				SWIFT_OPTIMIZATION_LEVEL = "-Onone";
				TARGETED_DEVICE_FAMILY = "1,2";
			};
			name = Debug;
		};
		9EC6231A1EAB230C00930DAF /* Release */ = {
			isa = XCBuildConfiguration;
			buildSettings = {
				ALWAYS_SEARCH_USER_PATHS = NO;
				CLANG_ANALYZER_NONNULL = YES;
				CLANG_CXX_LANGUAGE_STANDARD = "gnu++0x";
				CLANG_CXX_LIBRARY = "libc++";
				CLANG_ENABLE_MODULES = YES;
				CLANG_ENABLE_OBJC_ARC = YES;
				CLANG_WARN_BOOL_CONVERSION = YES;
				CLANG_WARN_CONSTANT_CONVERSION = YES;
				CLANG_WARN_DIRECT_OBJC_ISA_USAGE = YES_ERROR;
				CLANG_WARN_DOCUMENTATION_COMMENTS = YES;
				CLANG_WARN_EMPTY_BODY = YES;
				CLANG_WARN_ENUM_CONVERSION = YES;
				CLANG_WARN_INFINITE_RECURSION = YES;
				CLANG_WARN_INT_CONVERSION = YES;
				CLANG_WARN_OBJC_ROOT_CLASS = YES_ERROR;
				CLANG_WARN_SUSPICIOUS_MOVE = YES;
				CLANG_WARN_UNREACHABLE_CODE = YES;
				CLANG_WARN__DUPLICATE_METHOD_MATCH = YES;
				"CODE_SIGN_IDENTITY[sdk=iphoneos*]" = "iPhone Developer";
				COPY_PHASE_STRIP = NO;
				DEBUG_INFORMATION_FORMAT = "dwarf-with-dsym";
				ENABLE_NS_ASSERTIONS = NO;
				ENABLE_STRICT_OBJC_MSGSEND = YES;
				GCC_C_LANGUAGE_STANDARD = gnu99;
				GCC_NO_COMMON_BLOCKS = YES;
				GCC_WARN_64_TO_32_BIT_CONVERSION = YES;
				GCC_WARN_ABOUT_RETURN_TYPE = YES_ERROR;
				GCC_WARN_UNDECLARED_SELECTOR = YES;
				GCC_WARN_UNINITIALIZED_AUTOS = YES_AGGRESSIVE;
				GCC_WARN_UNUSED_FUNCTION = YES;
				GCC_WARN_UNUSED_VARIABLE = YES;
				IPHONEOS_DEPLOYMENT_TARGET = 10.2;
				MTL_ENABLE_DEBUG_INFO = NO;
				SDKROOT = iphoneos;
				SWIFT_OPTIMIZATION_LEVEL = "-Owholemodule";
				TARGETED_DEVICE_FAMILY = "1,2";
				VALIDATE_PRODUCT = YES;
			};
			name = Release;
		};
		9EC6231C1EAB230C00930DAF /* Debug */ = {
			isa = XCBuildConfiguration;
			buildSettings = {
				ASSETCATALOG_COMPILER_APPICON_NAME = AppIcon;
				INFOPLIST_FILE = hideButton/Info.plist;
				LD_RUNPATH_SEARCH_PATHS = "$(inherited) @executable_path/Frameworks";
				PRODUCT_BUNDLE_IDENTIFIER = com.Angal.hideButton;
				PRODUCT_NAME = "$(TARGET_NAME)";
				SWIFT_VERSION = 3.0;
			};
			name = Debug;
		};
		9EC6231D1EAB230C00930DAF /* Release */ = {
			isa = XCBuildConfiguration;
			buildSettings = {
				ASSETCATALOG_COMPILER_APPICON_NAME = AppIcon;
				INFOPLIST_FILE = hideButton/Info.plist;
				LD_RUNPATH_SEARCH_PATHS = "$(inherited) @executable_path/Frameworks";
				PRODUCT_BUNDLE_IDENTIFIER = com.Angal.hideButton;
				PRODUCT_NAME = "$(TARGET_NAME)";
				SWIFT_VERSION = 3.0;
			};
			name = Release;
		};
/* End XCBuildConfiguration section */

/* Begin XCConfigurationList section */
		9EC623041EAB230A00930DAF /* Build configuration list for PBXProject "hideButton" */ = {
			isa = XCConfigurationList;
			buildConfigurations = (
				9EC623191EAB230C00930DAF /* Debug */,
				9EC6231A1EAB230C00930DAF /* Release */,
			);
			defaultConfigurationIsVisible = 0;
			defaultConfigurationName = Release;
		};
		9EC6231B1EAB230C00930DAF /* Build configuration list for PBXNativeTarget "hideButton" */ = {
			isa = XCConfigurationList;
			buildConfigurations = (
				9EC6231C1EAB230C00930DAF /* Debug */,
				9EC6231D1EAB230C00930DAF /* Release */,
			);
			defaultConfigurationIsVisible = 0;
		};
/* End XCConfigurationList section */
	};
	rootObject = 9EC623011EAB230A00930DAF /* Project object */;
}
